{
  "requires": true,
  "lockfileVersion": 1,
  "dependencies": {
    "ant-mini-dice-roller": {
      "version": "1.0.3",
      "resolved": "https://registry.npm.taobao.org/ant-mini-dice-roller/download/ant-mini-dice-roller-1.0.3.tgz",
      "integrity": "sha1-FFPtLmURH1qjXbyzerIvE3HYHa0="
    },
    "ant-mini-flip-draw": {
      "version": "1.0.2",
      "resolved": "https://registry.npm.taobao.org/ant-mini-flip-draw/download/ant-mini-flip-draw-1.0.2.tgz",
      "integrity": "sha1-ufegRKsEu33ek8FgPgoEhXoVaxM="
    },
    "ant-mini-fruit-slots": {
      "version": "1.0.3",
      "resolved": "https://registry.npm.taobao.org/ant-mini-fruit-slots/download/ant-mini-fruit-slots-1.0.3.tgz",
      "integrity": "sha1-7+mp5esOFuQ5Zm/Kx7GbgMk3Btk="
    },
    "ant-mini-hit-eggs": {
      "version": "1.0.2",
      "resolved": "https://registry.npm.taobao.org/ant-mini-hit-eggs/download/ant-mini-hit-eggs-1.0.2.tgz",
      "integrity": "sha1-tHAevZ6DMpQPgghkKKt2j1GGogg="
    },
    "ant-mini-scratch-card": {
      "version": "1.0.8",
      "resolved": "https://registry.npm.taobao.org/ant-mini-scratch-card/download/ant-mini-scratch-card-1.0.8.tgz",
      "integrity": "sha1-HVIEXIOc9TllU6OYO9eWqmOUug8="
    },
    "ant-mini-wheel-draw": {
      "version": "1.0.1",
      "resolved": "https://registry.npm.taobao.org/ant-mini-wheel-draw/download/ant-mini-wheel-draw-1.0.1.tgz",
      "integrity": "sha1-pYEJsR+aaIyzZhdemtZjPlG6F1Y="
    }
  }
}
